
Microsoft Visual Studio Solution File, Format Version 12.00
Project("{FAE04EC0-301F-11D3-BF4B-00C04F79EFBC}") = "WebSocket_example", "WebSocket_example.csproj", "{9BB3D0D4-8323-4F4A-928C-A503E10043B2}"
EndProject
Global
	GlobalSection(SolutionConfigurationPlatforms) = preSolution
		Debug|Any CPU = Debug|Any CPU
		Release|Any CPU = Release|Any CPU
	EndGlobalSection
	GlobalSection(ProjectConfigurationPlatforms) = postSolution
		{9BB3D0D4-8323-4F4A-928C-A503E10043B2}.Debug|Any CPU.ActiveCfg = Debug|Any CPU
		{9BB3D0D4-8323-4F4A-928C-A503E10043B2}.Debug|Any CPU.Build.0 = Debug|Any CPU
		{9BB3D0D4-8323-4F4A-928C-A503E10043B2}.Release|Any CPU.ActiveCfg = Release|Any CPU
		{9BB3D0D4-8323-4F4A-928C-A503E10043B2}.Release|Any CPU.Build.0 = Release|Any CPU
	EndGlobalSection
EndGlobal
